
Microsoft Visual Studio Solution File, Format Version 12.00
# Visual Studio Version 17
VisualStudioVersion = 17.5.002.0
MinimumVisualStudioVersion = 10.0.40219.1
Project("{2150E333-8FDC-42A3-9474-1A3956D46DE8}") = "cloudfront-log-forwarder", "cloudfront-log-forwarder", "{CEE449D6-A553-48AA-82A2-3ADD988DC503}"
EndProject
Project("{9A19103F-16F7-4668-BE54-9A1E7A4F7556}") = "cloudfront-log-forwarder", "cloudfront-log-forwarder\src\cloudfront-log-forwarder.csproj", "{92EEF531-443D-485C-8300-AED855983891}"
EndProject
Project("{2150E333-8FDC-42A3-9474-1A3956D46DE8}") = "aws-dashboard", "aws-dashboard", "{4E5718CF-5C5B-44F2-93CC-F7D5DAFF9293}"
EndProject
Project("{2150E333-8FDC-42A3-9474-1A3956D46DE8}") = "node_modules", "node_modules", "{511B3E7E-FC25-417D-BCF8-DC1FF3A52062}"
EndProject
Project("{2150E333-8FDC-42A3-9474-1A3956D46DE8}") = "@pulumi", "@pulumi", "{0B17C8ED-DBBF-4466-9934-56506BF01B18}"
EndProject
Project("{2150E333-8FDC-42A3-9474-1A3956D46DE8}") = "pulumi", "pulumi", "{F5E187F4-6AF6-49D4-91FD-998D46D5240C}"
EndProject
Project("{2150E333-8FDC-42A3-9474-1A3956D46DE8}") = "tests", "tests", "{322C5D1E-BB8A-45B1-AF45-7D0DD32B78C5}"
EndProject
Project("{2150E333-8FDC-42A3-9474-1A3956D46DE8}") = "automation", "automation", "{3E7C563B-579B-46F5-A7A1-3A4FD0D55B00}"
EndProject
Project("{2150E333-8FDC-42A3-9474-1A3956D46DE8}") = "data", "data", "{A5E73A0D-C593-4446-9FE3-ACBB6A9B79A0}"
EndProject
Project("{9A19103F-16F7-4668-BE54-9A1E7A4F7556}") = "TestProj", "aws-dashboard\node_modules\@pulumi\pulumi\tests\automation\data\testproj_dotnet\TestProj.csproj", "{1CFBF7E7-E78B-4100-85C1-B933CC7CCEC8}"
EndProject
Project("{2150E333-8FDC-42A3-9474-1A3956D46DE8}") = "cloudwatch-logs-alerts", "cloudwatch-logs-alerts", "{9DC6B462-3933-4777-B78F-6C7D8C4746DB}"
EndProject
Project("{2150E333-8FDC-42A3-9474-1A3956D46DE8}") = "node_modules", "node_modules", "{7842FBDE-ACFC-4186-A513-2921D1146978}"
EndProject
Project("{2150E333-8FDC-42A3-9474-1A3956D46DE8}") = "@pulumi", "@pulumi", "{F97B0708-4688-40AD-94D7-1500198F1111}"
EndProject
Project("{2150E333-8FDC-42A3-9474-1A3956D46DE8}") = "pulumi", "pulumi", "{7BD00F8C-133F-4F4A-8BEA-350DB5FA10D0}"
EndProject
Project("{2150E333-8FDC-42A3-9474-1A3956D46DE8}") = "tests", "tests", "{8BE06BA3-275B-4C14-9353-5476A4E20AEF}"
EndProject
Project("{2150E333-8FDC-42A3-9474-1A3956D46DE8}") = "automation", "automation", "{9BF177A0-B960-489E-905D-4650F012DAC2}"
EndProject
Project("{2150E333-8FDC-42A3-9474-1A3956D46DE8}") = "data", "data", "{1DF21806-A1B2-46F6-9097-296D1CBB1368}"
EndProject
Project("{9A19103F-16F7-4668-BE54-9A1E7A4F7556}") = "TestProj", "cloudwatch-logs-alerts\node_modules\@pulumi\pulumi\tests\automation\data\testproj_dotnet\TestProj.csproj", "{B1719441-CBAC-4E57-8420-3C109C37F948}"
EndProject
Global
	GlobalSection(SolutionConfigurationPlatforms) = preSolution
		Debug|Any CPU = Debug|Any CPU
		Release|Any CPU = Release|Any CPU
	EndGlobalSection
	GlobalSection(ProjectConfigurationPlatforms) = postSolution
		{92EEF531-443D-485C-8300-AED855983891}.Debug|Any CPU.ActiveCfg = Debug|Any CPU
		{92EEF531-443D-485C-8300-AED855983891}.Debug|Any CPU.Build.0 = Debug|Any CPU
		{92EEF531-443D-485C-8300-AED855983891}.Release|Any CPU.ActiveCfg = Release|Any CPU
		{92EEF531-443D-485C-8300-AED855983891}.Release|Any CPU.Build.0 = Release|Any CPU
		{1CFBF7E7-E78B-4100-85C1-B933CC7CCEC8}.Debug|Any CPU.ActiveCfg = Debug|Any CPU
		{1CFBF7E7-E78B-4100-85C1-B933CC7CCEC8}.Debug|Any CPU.Build.0 = Debug|Any CPU
		{1CFBF7E7-E78B-4100-85C1-B933CC7CCEC8}.Release|Any CPU.ActiveCfg = Release|Any CPU
		{1CFBF7E7-E78B-4100-85C1-B933CC7CCEC8}.Release|Any CPU.Build.0 = Release|Any CPU
		{B1719441-CBAC-4E57-8420-3C109C37F948}.Debug|Any CPU.ActiveCfg = Debug|Any CPU
		{B1719441-CBAC-4E57-8420-3C109C37F948}.Debug|Any CPU.Build.0 = Debug|Any CPU
		{B1719441-CBAC-4E57-8420-3C109C37F948}.Release|Any CPU.ActiveCfg = Release|Any CPU
		{B1719441-CBAC-4E57-8420-3C109C37F948}.Release|Any CPU.Build.0 = Release|Any CPU
	EndGlobalSection
	GlobalSection(SolutionProperties) = preSolution
		HideSolutionNode = FALSE
	EndGlobalSection
	GlobalSection(NestedProjects) = preSolution
		{92EEF531-443D-485C-8300-AED855983891} = {CEE449D6-A553-48AA-82A2-3ADD988DC503}
		{511B3E7E-FC25-417D-BCF8-DC1FF3A52062} = {4E5718CF-5C5B-44F2-93CC-F7D5DAFF9293}
		{0B17C8ED-DBBF-4466-9934-56506BF01B18} = {511B3E7E-FC25-417D-BCF8-DC1FF3A52062}
		{F5E187F4-6AF6-49D4-91FD-998D46D5240C} = {0B17C8ED-DBBF-4466-9934-56506BF01B18}
		{322C5D1E-BB8A-45B1-AF45-7D0DD32B78C5} = {F5E187F4-6AF6-49D4-91FD-998D46D5240C}
		{3E7C563B-579B-46F5-A7A1-3A4FD0D55B00} = {322C5D1E-BB8A-45B1-AF45-7D0DD32B78C5}
		{A5E73A0D-C593-4446-9FE3-ACBB6A9B79A0} = {3E7C563B-579B-46F5-A7A1-3A4FD0D55B00}
		{1CFBF7E7-E78B-4100-85C1-B933CC7CCEC8} = {A5E73A0D-C593-4446-9FE3-ACBB6A9B79A0}
		{7842FBDE-ACFC-4186-A513-2921D1146978} = {9DC6B462-3933-4777-B78F-6C7D8C4746DB}
		{F97B0708-4688-40AD-94D7-1500198F1111} = {7842FBDE-ACFC-4186-A513-2921D1146978}
		{7BD00F8C-133F-4F4A-8BEA-350DB5FA10D0} = {F97B0708-4688-40AD-94D7-1500198F1111}
		{8BE06BA3-275B-4C14-9353-5476A4E20AEF} = {7BD00F8C-133F-4F4A-8BEA-350DB5FA10D0}
		{9BF177A0-B960-489E-905D-4650F012DAC2} = {8BE06BA3-275B-4C14-9353-5476A4E20AEF}
		{1DF21806-A1B2-46F6-9097-296D1CBB1368} = {9BF177A0-B960-489E-905D-4650F012DAC2}
		{B1719441-CBAC-4E57-8420-3C109C37F948} = {1DF21806-A1B2-46F6-9097-296D1CBB1368}
	EndGlobalSection
	GlobalSection(ExtensibilityGlobals) = postSolution
		SolutionGuid = {95E673E5-7FDC-4F4D-918E-62B500C26E19}
	EndGlobalSection
EndGlobal
