
Microsoft Visual Studio Solution File, Format Version 12.00
# Visual Studio Version 17
VisualStudioVersion = 17.5.002.0
MinimumVisualStudioVersion = 10.0.40219.1
Project("{2150E333-8FDC-42A3-9474-1A3956D46DE8}") = "cloudfront-log-forwarder", "cloudfront-log-forwarder", "{D70CC68D-2A70-4D57-B9B1-78BE52400618}"
EndProject
Project("{9A19103F-16F7-4668-BE54-9A1E7A4F7556}") = "cloudfront-log-forwarder", "cloudfront-log-forwarder\src\cloudfront-log-forwarder.csproj", "{C5F2F8C4-D5F2-408B-8103-92B6D24E72AF}"
EndProject
Project("{2150E333-8FDC-42A3-9474-1A3956D46DE8}") = "aws-dashboard", "aws-dashboard", "{B081500B-174F-4F64-AC70-02BC9075DCFB}"
EndProject
Project("{2150E333-8FDC-42A3-9474-1A3956D46DE8}") = "node_modules", "node_modules", "{516732E8-8D74-4F97-BCAC-9FB8E8E3F776}"
EndProject
Project("{2150E333-8FDC-42A3-9474-1A3956D46DE8}") = "@pulumi", "@pulumi", "{9E6694C1-FF70-42EC-88A7-B7D48819ED29}"
EndProject
Project("{2150E333-8FDC-42A3-9474-1A3956D46DE8}") = "pulumi", "pulumi", "{36CFEF57-49BB-4DE6-9EA1-77E20E3C2513}"
EndProject
Project("{2150E333-8FDC-42A3-9474-1A3956D46DE8}") = "tests", "tests", "{D9CB9232-C617-497E-95B3-F59B0ADB2B2B}"
EndProject
Project("{2150E333-8FDC-42A3-9474-1A3956D46DE8}") = "automation", "automation", "{FF4EDBBD-CA92-42B0-AABE-17FF6B24BD19}"
EndProject
Project("{2150E333-8FDC-42A3-9474-1A3956D46DE8}") = "data", "data", "{CAD85A39-6488-4F5B-B121-C9CD1BBF6413}"
EndProject
Project("{9A19103F-16F7-4668-BE54-9A1E7A4F7556}") = "TestProj", "aws-dashboard\node_modules\@pulumi\pulumi\tests\automation\data\testproj_dotnet\TestProj.csproj", "{6F4A1FA1-4483-4A8C-99EB-490DD403F286}"
EndProject
Project("{2150E333-8FDC-42A3-9474-1A3956D46DE8}") = "cloudwatch-logs-alerts", "cloudwatch-logs-alerts", "{6B4B180E-52E9-4B9A-9909-0BF2AF5227E0}"
EndProject
Project("{2150E333-8FDC-42A3-9474-1A3956D46DE8}") = "node_modules", "node_modules", "{66F563C0-08B9-49DE-B205-0AB37FA83934}"
EndProject
Project("{2150E333-8FDC-42A3-9474-1A3956D46DE8}") = "@pulumi", "@pulumi", "{7A189E4F-33C9-4926-93FB-C17E83399ADA}"
EndProject
Project("{2150E333-8FDC-42A3-9474-1A3956D46DE8}") = "pulumi", "pulumi", "{EF6D1F26-0111-4077-A052-26C62EEFF79F}"
EndProject
Project("{2150E333-8FDC-42A3-9474-1A3956D46DE8}") = "tests", "tests", "{5B51A763-8EF9-4A07-9F82-C168EB20A71B}"
EndProject
Project("{2150E333-8FDC-42A3-9474-1A3956D46DE8}") = "automation", "automation", "{7798221C-E455-4F2A-8A7E-1177A54EAFF0}"
EndProject
Project("{2150E333-8FDC-42A3-9474-1A3956D46DE8}") = "data", "data", "{286924F1-BB50-48E2-BA40-8710A986D1FA}"
EndProject
Project("{9A19103F-16F7-4668-BE54-9A1E7A4F7556}") = "TestProj", "cloudwatch-logs-alerts\node_modules\@pulumi\pulumi\tests\automation\data\testproj_dotnet\TestProj.csproj", "{9CEF7BB5-D7BE-47EB-8F5A-AA7A67A9B79F}"
EndProject
Global
	GlobalSection(SolutionConfigurationPlatforms) = preSolution
		Debug|Any CPU = Debug|Any CPU
		Release|Any CPU = Release|Any CPU
	EndGlobalSection
	GlobalSection(ProjectConfigurationPlatforms) = postSolution
		{C5F2F8C4-D5F2-408B-8103-92B6D24E72AF}.Debug|Any CPU.ActiveCfg = Debug|Any CPU
		{C5F2F8C4-D5F2-408B-8103-92B6D24E72AF}.Debug|Any CPU.Build.0 = Debug|Any CPU
		{C5F2F8C4-D5F2-408B-8103-92B6D24E72AF}.Release|Any CPU.ActiveCfg = Release|Any CPU
		{C5F2F8C4-D5F2-408B-8103-92B6D24E72AF}.Release|Any CPU.Build.0 = Release|Any CPU
		{6F4A1FA1-4483-4A8C-99EB-490DD403F286}.Debug|Any CPU.ActiveCfg = Debug|Any CPU
		{6F4A1FA1-4483-4A8C-99EB-490DD403F286}.Debug|Any CPU.Build.0 = Debug|Any CPU
		{6F4A1FA1-4483-4A8C-99EB-490DD403F286}.Release|Any CPU.ActiveCfg = Release|Any CPU
		{6F4A1FA1-4483-4A8C-99EB-490DD403F286}.Release|Any CPU.Build.0 = Release|Any CPU
		{9CEF7BB5-D7BE-47EB-8F5A-AA7A67A9B79F}.Debug|Any CPU.ActiveCfg = Debug|Any CPU
		{9CEF7BB5-D7BE-47EB-8F5A-AA7A67A9B79F}.Debug|Any CPU.Build.0 = Debug|Any CPU
		{9CEF7BB5-D7BE-47EB-8F5A-AA7A67A9B79F}.Release|Any CPU.ActiveCfg = Release|Any CPU
		{9CEF7BB5-D7BE-47EB-8F5A-AA7A67A9B79F}.Release|Any CPU.Build.0 = Release|Any CPU
	EndGlobalSection
	GlobalSection(SolutionProperties) = preSolution
		HideSolutionNode = FALSE
	EndGlobalSection
	GlobalSection(NestedProjects) = preSolution
		{C5F2F8C4-D5F2-408B-8103-92B6D24E72AF} = {D70CC68D-2A70-4D57-B9B1-78BE52400618}
		{516732E8-8D74-4F97-BCAC-9FB8E8E3F776} = {B081500B-174F-4F64-AC70-02BC9075DCFB}
		{9E6694C1-FF70-42EC-88A7-B7D48819ED29} = {516732E8-8D74-4F97-BCAC-9FB8E8E3F776}
		{36CFEF57-49BB-4DE6-9EA1-77E20E3C2513} = {9E6694C1-FF70-42EC-88A7-B7D48819ED29}
		{D9CB9232-C617-497E-95B3-F59B0ADB2B2B} = {36CFEF57-49BB-4DE6-9EA1-77E20E3C2513}
		{FF4EDBBD-CA92-42B0-AABE-17FF6B24BD19} = {D9CB9232-C617-497E-95B3-F59B0ADB2B2B}
		{CAD85A39-6488-4F5B-B121-C9CD1BBF6413} = {FF4EDBBD-CA92-42B0-AABE-17FF6B24BD19}
		{6F4A1FA1-4483-4A8C-99EB-490DD403F286} = {CAD85A39-6488-4F5B-B121-C9CD1BBF6413}
		{66F563C0-08B9-49DE-B205-0AB37FA83934} = {6B4B180E-52E9-4B9A-9909-0BF2AF5227E0}
		{7A189E4F-33C9-4926-93FB-C17E83399ADA} = {66F563C0-08B9-49DE-B205-0AB37FA83934}
		{EF6D1F26-0111-4077-A052-26C62EEFF79F} = {7A189E4F-33C9-4926-93FB-C17E83399ADA}
		{5B51A763-8EF9-4A07-9F82-C168EB20A71B} = {EF6D1F26-0111-4077-A052-26C62EEFF79F}
		{7798221C-E455-4F2A-8A7E-1177A54EAFF0} = {5B51A763-8EF9-4A07-9F82-C168EB20A71B}
		{286924F1-BB50-48E2-BA40-8710A986D1FA} = {7798221C-E455-4F2A-8A7E-1177A54EAFF0}
		{9CEF7BB5-D7BE-47EB-8F5A-AA7A67A9B79F} = {286924F1-BB50-48E2-BA40-8710A986D1FA}
	EndGlobalSection
	GlobalSection(ExtensibilityGlobals) = postSolution
		SolutionGuid = {235FD5BF-5BA5-4FF7-B61C-02826B54D367}
	EndGlobalSection
EndGlobal
